
Microsoft Visual Studio Solution File, Format Version 12.00
# Visual Studio Version 16
VisualStudioVersion = 25.0.1706.4
MinimumVisualStudioVersion = 10.0.40219.1
Project("{FAE04EC0-301F-11D3-BF4B-00C04F79EFBC}") = "CSharpGames", "CSharpGames.csproj", "{7E449145-F4D7-4C9C-8C30-8D123FCDF9F8}"
EndProject
Global
	GlobalSection(SolutionConfigurationPlatforms) = preSolution
		Debug|Any CPU = Debug|Any CPU
		Release|Any CPU = Release|Any CPU
	EndGlobalSection
	GlobalSection(ProjectConfigurationPlatforms) = postSolution
		{7E449145-F4D7-4C9C-8C30-8D123FCDF9F8}.Debug|Any CPU.ActiveCfg = Debug|Any CPU
		{7E449145-F4D7-4C9C-8C30-8D123FCDF9F8}.Debug|Any CPU.Build.0 = Debug|Any CPU
		{7E449145-F4D7-4C9C-8C30-8D123FCDF9F8}.Release|Any CPU.ActiveCfg = Release|Any CPU
		{7E449145-F4D7-4C9C-8C30-8D123FCDF9F8}.Release|Any CPU.Build.0 = Release|Any CPU
	EndGlobalSection
	GlobalSection(SolutionProperties) = preSolution
		HideSolutionNode = FALSE
	EndGlobalSection
	GlobalSection(ExtensibilityGlobals) = postSolution
		SolutionGuid = {45E41CF9-892F-4AC1-B9B9-E17D82D028E4}
	EndGlobalSection
EndGlobal
